// !$*UTF8*$!
{
	archiveVersion = 1;
	classes = {
	};
	objectVersion = 56;
	objects = {

/* Begin PBXBuildFile section */
		966AE66B29A5233E00693861 /* AppDelegate.swift in Sources */ = {isa = PBXBuildFile; fileRef = 966AE66A29A5233E00693861 /* AppDelegate.swift */; };
		966AE66D29A5233E00693861 /* SceneDelegate.swift in Sources */ = {isa = PBXBuildFile; fileRef = 966AE66C29A5233E00693861 /* SceneDelegate.swift */; };
		966AE66F29A5233E00693861 /* ConversationsViewController.swift in Sources */ = {isa = PBXBuildFile; fileRef = 966AE66E29A5233E00693861 /* ConversationsViewController.swift */; };
		966AE67229A5233E00693861 /* Main.storyboard in Resources */ = {isa = PBXBuildFile; fileRef = 966AE67029A5233E00693861 /* Main.storyboard */; };
		966AE67429A5234000693861 /* Assets.xcassets in Resources */ = {isa = PBXBuildFile; fileRef = 966AE67329A5234000693861 /* Assets.xcassets */; };
		966AE67729A5234000693861 /* LaunchScreen.storyboard in Resources */ = {isa = PBXBuildFile; fileRef = 966AE67529A5234000693861 /* LaunchScreen.storyboard */; };
		966AE68529A5268500693861 /* LoginViewController.swift in Sources */ = {isa = PBXBuildFile; fileRef = 966AE68429A5268500693861 /* LoginViewController.swift */; };
		966AE68729A5269D00693861 /* RegisterViewController.swift in Sources */ = {isa = PBXBuildFile; fileRef = 966AE68629A5269D00693861 /* RegisterViewController.swift */; };
		966AE68929A526C100693861 /* PhotoViewerViewController.swift in Sources */ = {isa = PBXBuildFile; fileRef = 966AE68829A526C100693861 /* PhotoViewerViewController.swift */; };
		966AE68B29A526DA00693861 /* VideoPlayerViewController.swift in Sources */ = {isa = PBXBuildFile; fileRef = 966AE68A29A526DA00693861 /* VideoPlayerViewController.swift */; };
		966AE68D29A526FC00693861 /* NewConversationViewController.swift in Sources */ = {isa = PBXBuildFile; fileRef = 966AE68C29A526FC00693861 /* NewConversationViewController.swift */; };
		966AE68F29A5270F00693861 /* ProfileViewController.swift in Sources */ = {isa = PBXBuildFile; fileRef = 966AE68E29A5270F00693861 /* ProfileViewController.swift */; };
/* End PBXBuildFile section */

/* Begin PBXFileReference section */
		966AE66729A5233E00693861 /* MessengerApp.app */ = {isa = PBXFileReference; explicitFileType = wrapper.application; includeInIndex = 0; path = MessengerApp.app; sourceTree = BUILT_PRODUCTS_DIR; };
		966AE66A29A5233E00693861 /* AppDelegate.swift */ = {isa = PBXFileReference; lastKnownFileType = sourcecode.swift; path = AppDelegate.swift; sourceTree = "<group>"; };
		966AE66C29A5233E00693861 /* SceneDelegate.swift */ = {isa = PBXFileReference; lastKnownFileType = sourcecode.swift; path = SceneDelegate.swift; sourceTree = "<group>"; };
		966AE66E29A5233E00693861 /* ConversationsViewController.swift */ = {isa = PBXFileReference; lastKnownFileType = sourcecode.swift; path = ConversationsViewController.swift; sourceTree = "<group>"; };
		966AE67129A5233E00693861 /* Base */ = {isa = PBXFileReference; lastKnownFileType = file.storyboard; name = Base; path = Base.lproj/Main.storyboard; sourceTree = "<group>"; };
		966AE67329A5234000693861 /* Assets.xcassets */ = {isa = PBXFileReference; lastKnownFileType = folder.assetcatalog; path = Assets.xcassets; sourceTree = "<group>"; };
		966AE67629A5234000693861 /* Base */ = {isa = PBXFileReference; lastKnownFileType = file.storyboard; name = Base; path = Base.lproj/LaunchScreen.storyboard; sourceTree = "<group>"; };
		966AE67829A5234000693861 /* Info.plist */ = {isa = PBXFileReference; lastKnownFileType = text.plist.xml; path = Info.plist; sourceTree = "<group>"; };
		966AE68429A5268500693861 /* LoginViewController.swift */ = {isa = PBXFileReference; lastKnownFileType = sourcecode.swift; path = LoginViewController.swift; sourceTree = "<group>"; };
		966AE68629A5269D00693861 /* RegisterViewController.swift */ = {isa = PBXFileReference; lastKnownFileType = sourcecode.swift; path = RegisterViewController.swift; sourceTree = "<group>"; };
		966AE68829A526C100693861 /* PhotoViewerViewController.swift */ = {isa = PBXFileReference; lastKnownFileType = sourcecode.swift; path = PhotoViewerViewController.swift; sourceTree = "<group>"; };
		966AE68A29A526DA00693861 /* VideoPlayerViewController.swift */ = {isa = PBXFileReference; lastKnownFileType = sourcecode.swift; path = VideoPlayerViewController.swift; sourceTree = "<group>"; };
		966AE68C29A526FC00693861 /* NewConversationViewController.swift */ = {isa = PBXFileReference; lastKnownFileType = sourcecode.swift; path = NewConversationViewController.swift; sourceTree = "<group>"; };
		966AE68E29A5270F00693861 /* ProfileViewController.swift */ = {isa = PBXFileReference; lastKnownFileType = sourcecode.swift; path = ProfileViewController.swift; sourceTree = "<group>"; };
/* End PBXFileReference section */

/* Begin PBXFrameworksBuildPhase section */
		966AE66429A5233E00693861 /* Frameworks */ = {
			isa = PBXFrameworksBuildPhase;
			buildActionMask = 2147483647;
			files = (
			);
			runOnlyForDeploymentPostprocessing = 0;
		};
/* End PBXFrameworksBuildPhase section */

/* Begin PBXGroup section */
		966AE65E29A5233E00693861 = {
			isa = PBXGroup;
			children = (
				966AE66929A5233E00693861 /* MessengerApp */,
				966AE66829A5233E00693861 /* Products */,
			);
			sourceTree = "<group>";
		};
		966AE66829A5233E00693861 /* Products */ = {
			isa = PBXGroup;
			children = (
				966AE66729A5233E00693861 /* MessengerApp.app */,
			);
			name = Products;
			sourceTree = "<group>";
		};
		966AE66929A5233E00693861 /* MessengerApp */ = {
			isa = PBXGroup;
			children = (
				966AE67F29A5246900693861 /* Resources */,
				966AE67E29A5245C00693861 /* ViewModels */,
				966AE68129A5247000693861 /* Models */,
				966AE68029A5246D00693861 /* Views */,
				966AE68229A5247400693861 /* Controllers */,
				966AE67829A5234000693861 /* Info.plist */,
			);
			path = MessengerApp;
			sourceTree = "<group>";
		};
		966AE67E29A5245C00693861 /* ViewModels */ = {
			isa = PBXGroup;
			children = (
			);
			name = ViewModels;
			sourceTree = "<group>";
		};
		966AE67F29A5246900693861 /* Resources */ = {
			isa = PBXGroup;
			children = (
				966AE66A29A5233E00693861 /* AppDelegate.swift */,
				966AE66C29A5233E00693861 /* SceneDelegate.swift */,
			);
			name = Resources;
			sourceTree = "<group>";
		};
		966AE68029A5246D00693861 /* Views */ = {
			isa = PBXGroup;
			children = (
				966AE68329A525AE00693861 /* Storyboards */,
				966AE67329A5234000693861 /* Assets.xcassets */,
			);
			path = Views;
			sourceTree = "<group>";
		};
		966AE68129A5247000693861 /* Models */ = {
			isa = PBXGroup;
			children = (
			);
			name = Models;
			sourceTree = "<group>";
		};
		966AE68229A5247400693861 /* Controllers */ = {
			isa = PBXGroup;
			children = (
				966AE66E29A5233E00693861 /* ConversationsViewController.swift */,
				966AE68429A5268500693861 /* LoginViewController.swift */,
				966AE68629A5269D00693861 /* RegisterViewController.swift */,
				966AE68829A526C100693861 /* PhotoViewerViewController.swift */,
				966AE68A29A526DA00693861 /* VideoPlayerViewController.swift */,
				966AE68C29A526FC00693861 /* NewConversationViewController.swift */,
				966AE68E29A5270F00693861 /* ProfileViewController.swift */,
			);
			name = Controllers;
			path = Views;
			sourceTree = "<group>";
		};
		966AE68329A525AE00693861 /* Storyboards */ = {
			isa = PBXGroup;
			children = (
				966AE67029A5233E00693861 /* Main.storyboard */,
				966AE67529A5234000693861 /* LaunchScreen.storyboard */,
			);
			path = Storyboards;
			sourceTree = "<group>";
		};
/* End PBXGroup section */

/* Begin PBXNativeTarget section */
		966AE66629A5233E00693861 /* MessengerApp */ = {
			isa = PBXNativeTarget;
			buildConfigurationList = 966AE67B29A5234000693861 /* Build configuration list for PBXNativeTarget "MessengerApp" */;
			buildPhases = (
				966AE66329A5233E00693861 /* Sources */,
				966AE66429A5233E00693861 /* Frameworks */,
				966AE66529A5233E00693861 /* Resources */,
			);
			buildRules = (
			);
			dependencies = (
			);
			name = MessengerApp;
			productName = MessengerApp;
			productReference = 966AE66729A5233E00693861 /* MessengerApp.app */;
			productType = "com.apple.product-type.application";
		};
/* End PBXNativeTarget section */

/* Begin PBXProject section */
		966AE65F29A5233E00693861 /* Project object */ = {
			isa = PBXProject;
			attributes = {
				BuildIndependentTargetsInParallel = 1;
				LastSwiftUpdateCheck = 1420;
				LastUpgradeCheck = 1420;
				TargetAttributes = {
					966AE66629A5233E00693861 = {
						CreatedOnToolsVersion = 14.2;
					};
				};
			};
			buildConfigurationList = 966AE66229A5233E00693861 /* Build configuration list for PBXProject "MessengerApp" */;
			compatibilityVersion = "Xcode 14.0";
			developmentRegion = en;
			hasScannedForEncodings = 0;
			knownRegions = (
				en,
				Base,
			);
			mainGroup = 966AE65E29A5233E00693861;
			productRefGroup = 966AE66829A5233E00693861 /* Products */;
			projectDirPath = "";
			projectRoot = "";
			targets = (
				966AE66629A5233E00693861 /* MessengerApp */,
			);
		};
/* End PBXProject section */

/* Begin PBXResourcesBuildPhase section */
		966AE66529A5233E00693861 /* Resources */ = {
			isa = PBXResourcesBuildPhase;
			buildActionMask = 2147483647;
			files = (
				966AE67729A5234000693861 /* LaunchScreen.storyboard in Resources */,
				966AE67429A5234000693861 /* Assets.xcassets in Resources */,
				966AE67229A5233E00693861 /* Main.storyboard in Resources */,
			);
			runOnlyForDeploymentPostprocessing = 0;
		};
/* End PBXResourcesBuildPhase section */

/* Begin PBXSourcesBuildPhase section */
		966AE66329A5233E00693861 /* Sources */ = {
			isa = PBXSourcesBuildPhase;
			buildActionMask = 2147483647;
			files = (
				966AE68529A5268500693861 /* LoginViewController.swift in Sources */,
				966AE68729A5269D00693861 /* RegisterViewController.swift in Sources */,
				966AE68D29A526FC00693861 /* NewConversationViewController.swift in Sources */,
				966AE66F29A5233E00693861 /* ConversationsViewController.swift in Sources */,
				966AE68B29A526DA00693861 /* VideoPlayerViewController.swift in Sources */,
				966AE66B29A5233E00693861 /* AppDelegate.swift in Sources */,
				966AE68F29A5270F00693861 /* ProfileViewController.swift in Sources */,
				966AE66D29A5233E00693861 /* SceneDelegate.swift in Sources */,
				966AE68929A526C100693861 /* PhotoViewerViewController.swift in Sources */,
			);
			runOnlyForDeploymentPostprocessing = 0;
		};
/* End PBXSourcesBuildPhase section */

/* Begin PBXVariantGroup section */
		966AE67029A5233E00693861 /* Main.storyboard */ = {
			isa = PBXVariantGroup;
			children = (
				966AE67129A5233E00693861 /* Base */,
			);
			name = Main.storyboard;
			sourceTree = "<group>";
		};
		966AE67529A5234000693861 /* LaunchScreen.storyboard */ = {
			isa = PBXVariantGroup;
			children = (
				966AE67629A5234000693861 /* Base */,
			);
			name = LaunchScreen.storyboard;
			sourceTree = "<group>";
		};
/* End PBXVariantGroup section */

/* Begin XCBuildConfiguration section */
		966AE67929A5234000693861 /* Debug */ = {
			isa = XCBuildConfiguration;
			buildSettings = {
				ALWAYS_SEARCH_USER_PATHS = NO;
				CLANG_ANALYZER_NONNULL = YES;
				CLANG_ANALYZER_NUMBER_OBJECT_CONVERSION = YES_AGGRESSIVE;
				CLANG_CXX_LANGUAGE_STANDARD = "gnu++20";
				CLANG_ENABLE_MODULES = YES;
				CLANG_ENABLE_OBJC_ARC = YES;
				CLANG_ENABLE_OBJC_WEAK = YES;
				CLANG_WARN_BLOCK_CAPTURE_AUTORELEASING = YES;
				CLANG_WARN_BOOL_CONVERSION = YES;
				CLANG_WARN_COMMA = YES;
				CLANG_WARN_CONSTANT_CONVERSION = YES;
				CLANG_WARN_DEPRECATED_OBJC_IMPLEMENTATIONS = YES;
				CLANG_WARN_DIRECT_OBJC_ISA_USAGE = YES_ERROR;
				CLANG_WARN_DOCUMENTATION_COMMENTS = YES;
				CLANG_WARN_EMPTY_BODY = YES;
				CLANG_WARN_ENUM_CONVERSION = YES;
				CLANG_WARN_INFINITE_RECURSION = YES;
				CLANG_WARN_INT_CONVERSION = YES;
				CLANG_WARN_NON_LITERAL_NULL_CONVERSION = YES;
				CLANG_WARN_OBJC_IMPLICIT_RETAIN_SELF = YES;
				CLANG_WARN_OBJC_LITERAL_CONVERSION = YES;
				CLANG_WARN_OBJC_ROOT_CLASS = YES_ERROR;
				CLANG_WARN_QUOTED_INCLUDE_IN_FRAMEWORK_HEADER = YES;
				CLANG_WARN_RANGE_LOOP_ANALYSIS = YES;
				CLANG_WARN_STRICT_PROTOTYPES = YES;
				CLANG_WARN_SUSPICIOUS_MOVE = YES;
				CLANG_WARN_UNGUARDED_AVAILABILITY = YES_AGGRESSIVE;
				CLANG_WARN_UNREACHABLE_CODE = YES;
				CLANG_WARN__DUPLICATE_METHOD_MATCH = YES;
				COPY_PHASE_STRIP = NO;
				DEBUG_INFORMATION_FORMAT = dwarf;
				ENABLE_STRICT_OBJC_MSGSEND = YES;
				ENABLE_TESTABILITY = YES;
				GCC_C_LANGUAGE_STANDARD = gnu11;
				GCC_DYNAMIC_NO_PIC = NO;
				GCC_NO_COMMON_BLOCKS = YES;
				GCC_OPTIMIZATION_LEVEL = 0;
				GCC_PREPROCESSOR_DEFINITIONS = (
					"DEBUG=1",
					"$(inherited)",
				);
				GCC_WARN_64_TO_32_BIT_CONVERSION = YES;
				GCC_WARN_ABOUT_RETURN_TYPE = YES_ERROR;
				GCC_WARN_UNDECLARED_SELECTOR = YES;
				GCC_WARN_UNINITIALIZED_AUTOS = YES_AGGRESSIVE;
				GCC_WARN_UNUSED_FUNCTION = YES;
				GCC_WARN_UNUSED_VARIABLE = YES;
				IPHONEOS_DEPLOYMENT_TARGET = 16.2;
				MTL_ENABLE_DEBUG_INFO = INCLUDE_SOURCE;
				MTL_FAST_MATH = YES;
				ONLY_ACTIVE_ARCH = YES;
				SDKROOT = iphoneos;
				SWIFT_ACTIVE_COMPILATION_CONDITIONS = DEBUG;
				SWIFT_OPTIMIZATION_LEVEL = "-Onone";
			};
			name = Debug;
		};
		966AE67A29A5234000693861 /* Release */ = {
			isa = XCBuildConfiguration;
			buildSettings = {
				ALWAYS_SEARCH_USER_PATHS = NO;
				CLANG_ANALYZER_NONNULL = YES;
				CLANG_ANALYZER_NUMBER_OBJECT_CONVERSION = YES_AGGRESSIVE;
				CLANG_CXX_LANGUAGE_STANDARD = "gnu++20";
				CLANG_ENABLE_MODULES = YES;
				CLANG_ENABLE_OBJC_ARC = YES;
				CLANG_ENABLE_OBJC_WEAK = YES;
				CLANG_WARN_BLOCK_CAPTURE_AUTORELEASING = YES;
				CLANG_WARN_BOOL_CONVERSION = YES;
				CLANG_WARN_COMMA = YES;
				CLANG_WARN_CONSTANT_CONVERSION = YES;
				CLANG_WARN_DEPRECATED_OBJC_IMPLEMENTATIONS = YES;
				CLANG_WARN_DIRECT_OBJC_ISA_USAGE = YES_ERROR;
				CLANG_WARN_DOCUMENTATION_COMMENTS = YES;
				CLANG_WARN_EMPTY_BODY = YES;
				CLANG_WARN_ENUM_CONVERSION = YES;
				CLANG_WARN_INFINITE_RECURSION = YES;
				CLANG_WARN_INT_CONVERSION = YES;
				CLANG_WARN_NON_LITERAL_NULL_CONVERSION = YES;
				CLANG_WARN_OBJC_IMPLICIT_RETAIN_SELF = YES;
				CLANG_WARN_OBJC_LITERAL_CONVERSION = YES;
				CLANG_WARN_OBJC_ROOT_CLASS = YES_ERROR;
				CLANG_WARN_QUOTED_INCLUDE_IN_FRAMEWORK_HEADER = YES;
				CLANG_WARN_RANGE_LOOP_ANALYSIS = YES;
				CLANG_WARN_STRICT_PROTOTYPES = YES;
				CLANG_WARN_SUSPICIOUS_MOVE = YES;
				CLANG_WARN_UNGUARDED_AVAILABILITY = YES_AGGRESSIVE;
				CLANG_WARN_UNREACHABLE_CODE = YES;
				CLANG_WARN__DUPLICATE_METHOD_MATCH = YES;
				COPY_PHASE_STRIP = NO;
				DEBUG_INFORMATION_FORMAT = "dwarf-with-dsym";
				ENABLE_NS_ASSERTIONS = NO;
				ENABLE_STRICT_OBJC_MSGSEND = YES;
				GCC_C_LANGUAGE_STANDARD = gnu11;
				GCC_NO_COMMON_BLOCKS = YES;
				GCC_WARN_64_TO_32_BIT_CONVERSION = YES;
				GCC_WARN_ABOUT_RETURN_TYPE = YES_ERROR;
				GCC_WARN_UNDECLARED_SELECTOR = YES;
				GCC_WARN_UNINITIALIZED_AUTOS = YES_AGGRESSIVE;
				GCC_WARN_UNUSED_FUNCTION = YES;
				GCC_WARN_UNUSED_VARIABLE = YES;
				IPHONEOS_DEPLOYMENT_TARGET = 16.2;
				MTL_ENABLE_DEBUG_INFO = NO;
				MTL_FAST_MATH = YES;
				SDKROOT = iphoneos;
				SWIFT_COMPILATION_MODE = wholemodule;
				SWIFT_OPTIMIZATION_LEVEL = "-O";
				VALIDATE_PRODUCT = YES;
			};
			name = Release;
		};
		966AE67C29A5234000693861 /* Debug */ = {
			isa = XCBuildConfiguration;
			buildSettings = {
				ASSETCATALOG_COMPILER_APPICON_NAME = AppIcon;
				ASSETCATALOG_COMPILER_GLOBAL_ACCENT_COLOR_NAME = AccentColor;
				CODE_SIGN_STYLE = Automatic;
				CURRENT_PROJECT_VERSION = 1;
				GENERATE_INFOPLIST_FILE = YES;
				INFOPLIST_FILE = MessengerApp/Info.plist;
				INFOPLIST_KEY_UIApplicationSupportsIndirectInputEvents = YES;
				INFOPLIST_KEY_UILaunchStoryboardName = LaunchScreen;
				INFOPLIST_KEY_UIMainStoryboardFile = Main;
				INFOPLIST_KEY_UISupportedInterfaceOrientations = UIInterfaceOrientationPortrait;
				LD_RUNPATH_SEARCH_PATHS = (
					"$(inherited)",
					"@executable_path/Frameworks",
				);
				MARKETING_VERSION = 1.0;
				PRODUCT_BUNDLE_IDENTIFIER = com.ashish.MessengerApp;
				PRODUCT_NAME = "$(TARGET_NAME)";
				SWIFT_EMIT_LOC_STRINGS = YES;
				SWIFT_VERSION = 5.0;
				TARGETED_DEVICE_FAMILY = "1,2";
			};
			name = Debug;
		};
		966AE67D29A5234000693861 /* Release */ = {
			isa = XCBuildConfiguration;
			buildSettings = {
				ASSETCATALOG_COMPILER_APPICON_NAME = AppIcon;
				ASSETCATALOG_COMPILER_GLOBAL_ACCENT_COLOR_NAME = AccentColor;
				CODE_SIGN_STYLE = Automatic;
				CURRENT_PROJECT_VERSION = 1;
				GENERATE_INFOPLIST_FILE = YES;
				INFOPLIST_FILE = MessengerApp/Info.plist;
				INFOPLIST_KEY_UIApplicationSupportsIndirectInputEvents = YES;
				INFOPLIST_KEY_UILaunchStoryboardName = LaunchScreen;
				INFOPLIST_KEY_UIMainStoryboardFile = Main;
				INFOPLIST_KEY_UISupportedInterfaceOrientations = UIInterfaceOrientationPortrait;
				LD_RUNPATH_SEARCH_PATHS = (
					"$(inherited)",
					"@executable_path/Frameworks",
				);
				MARKETING_VERSION = 1.0;
				PRODUCT_BUNDLE_IDENTIFIER = com.ashish.MessengerApp;
				PRODUCT_NAME = "$(TARGET_NAME)";
				SWIFT_EMIT_LOC_STRINGS = YES;
				SWIFT_VERSION = 5.0;
				TARGETED_DEVICE_FAMILY = "1,2";
			};
			name = Release;
		};
/* End XCBuildConfiguration section */

/* Begin XCConfigurationList section */
		966AE66229A5233E00693861 /* Build configuration list for PBXProject "MessengerApp" */ = {
			isa = XCConfigurationList;
			buildConfigurations = (
				966AE67929A5234000693861 /* Debug */,
				966AE67A29A5234000693861 /* Release */,
			);
			defaultConfigurationIsVisible = 0;
			defaultConfigurationName = Release;
		};
		966AE67B29A5234000693861 /* Build configuration list for PBXNativeTarget "MessengerApp" */ = {
			isa = XCConfigurationList;
			buildConfigurations = (
				966AE67C29A5234000693861 /* Debug */,
				966AE67D29A5234000693861 /* Release */,
			);
			defaultConfigurationIsVisible = 0;
			defaultConfigurationName = Release;
		};
/* End XCConfigurationList section */
	};
	rootObject = 966AE65F29A5233E00693861 /* Project object */;
}
